
Microsoft Visual Studio Solution File, Format Version 12.00
# Visual Studio 2013
VisualStudioVersion = 12.0.31101.0
MinimumVisualStudioVersion = 10.0.40219.1
Project("{FAE04EC0-301F-11D3-BF4B-00C04F79EFBC}") = "Code4Fun", "Code4Fun\Code4Fun.csproj", "{24DB11D8-2568-4D2D-9A0B-093D98C48E89}"
EndProject
Project("{FAE04EC0-301F-11D3-BF4B-00C04F79EFBC}") = "ShuffleArrayTest", "ShuffleArrayTest\ShuffleArrayTest.csproj", "{0EC7AA33-3907-423A-837B-10CA9959CBF4}"
EndProject
Project("{2150E333-8FDC-42A3-9474-1A3956D46DE8}") = "Solution Items", "Solution Items", "{27A29BA8-3FAB-41BF-85F2-A417D16CC711}"
	ProjectSection(SolutionItems) = preProject
		problems.txt = problems.txt
	EndProjectSection
EndProject
Global
	GlobalSection(SolutionConfigurationPlatforms) = preSolution
		Debug|Any CPU = Debug|Any CPU
		Release|Any CPU = Release|Any CPU
	EndGlobalSection
	GlobalSection(ProjectConfigurationPlatforms) = postSolution
		{24DB11D8-2568-4D2D-9A0B-093D98C48E89}.Debug|Any CPU.ActiveCfg = Debug|Any CPU
		{24DB11D8-2568-4D2D-9A0B-093D98C48E89}.Debug|Any CPU.Build.0 = Debug|Any CPU
		{24DB11D8-2568-4D2D-9A0B-093D98C48E89}.Release|Any CPU.ActiveCfg = Release|Any CPU
		{24DB11D8-2568-4D2D-9A0B-093D98C48E89}.Release|Any CPU.Build.0 = Release|Any CPU
		{0EC7AA33-3907-423A-837B-10CA9959CBF4}.Debug|Any CPU.ActiveCfg = Debug|Any CPU
		{0EC7AA33-3907-423A-837B-10CA9959CBF4}.Debug|Any CPU.Build.0 = Debug|Any CPU
		{0EC7AA33-3907-423A-837B-10CA9959CBF4}.Release|Any CPU.ActiveCfg = Release|Any CPU
		{0EC7AA33-3907-423A-837B-10CA9959CBF4}.Release|Any CPU.Build.0 = Release|Any CPU
	EndGlobalSection
	GlobalSection(SolutionProperties) = preSolution
		HideSolutionNode = FALSE
	EndGlobalSection
EndGlobal
